// !$*UTF8*$!
{
	archiveVersion = 1;
	classes = {
	};
	objectVersion = 46;
	objects = {

/* Begin PBXBuildFile section */
		3039D82E09D34D28000762C5 /* Carbon.framework in Frameworks */ = {isa = PBXBuildFile; fileRef = 3039D82D09D34D28000762C5 /* Carbon.framework */; };
		3039D8C609D34D37000762C5 /* QuartzCore.framework in Frameworks */ = {isa = PBXBuildFile; fileRef = 3039D8C509D34D37000762C5 /* QuartzCore.framework */; };
		3039D8E609D34D3D000762C5 /* SystemConfiguration.framework in Frameworks */ = {isa = PBXBuildFile; fileRef = 3039D8E509D34D3D000762C5 /* SystemConfiguration.framework */; };
		3039D8F709D34D44000762C5 /* WebKit.framework in Frameworks */ = {isa = PBXBuildFile; fileRef = 3039D8F609D34D44000762C5 /* WebKit.framework */; };
		3054B1000C1F19CB00CF2BAE /* WebHTMLView+Amnesty.m in Sources */ = {isa = PBXBuildFile; fileRef = 3054B0FC0C1F19CB00CF2BAE /* WebHTMLView+Amnesty.m */; };
		3068336717112FB500A74A47 /* Transition.bundle in Resources */ = {isa = PBXBuildFile; fileRef = 3068336617112FB500A74A47 /* Transition.bundle */; };
		3068336C171130CD00A74A47 /* Plug-Ins in CopyFiles */ = {isa = PBXBuildFile; fileRef = 3068336B171130CD00A74A47 /* Plug-Ins */; };
		30683370171134DF00A74A47 /* InfoPlist.strings in Resources */ = {isa = PBXBuildFile; fileRef = 3068336F171134DF00A74A47 /* InfoPlist.strings */; };
		3084987509D34F94008602DF /* AppController.m in Sources */ = {isa = PBXBuildFile; fileRef = 3084987409D34F94008602DF /* AppController.m */; };
		3084989009D34FA0008602DF /* CFontList.cpp in Sources */ = {isa = PBXBuildFile; fileRef = 3084987709D34FA0008602DF /* CFontList.cpp */; };
		3084989109D34FA0008602DF /* CWidget.cpp in Sources */ = {isa = PBXBuildFile; fileRef = 3084987909D34FA0008602DF /* CWidget.cpp */; };
		3084989209D34FA0008602DF /* WidgetBridge.m in Sources */ = {isa = PBXBuildFile; fileRef = 3084987C09D34FA0008602DF /* WidgetBridge.m */; };
		3084989309D34FA0008602DF /* WidgetCalculator.m in Sources */ = {isa = PBXBuildFile; fileRef = 3084987E09D34FA0008602DF /* WidgetCalculator.m */; };
		3084989409D34FA0008602DF /* WidgetController.m in Sources */ = {isa = PBXBuildFile; fileRef = 3084988009D34FA0008602DF /* WidgetController.m */; };
		3084989509D34FA0008602DF /* WidgetFlip.m in Sources */ = {isa = PBXBuildFile; fileRef = 3084988209D34FA0008602DF /* WidgetFlip.m */; };
		3084989609D34FA0008602DF /* WidgetMenu.m in Sources */ = {isa = PBXBuildFile; fileRef = 3084988409D34FA0008602DF /* WidgetMenu.m */; };
		3084989709D34FA0008602DF /* WidgetSystem.m in Sources */ = {isa = PBXBuildFile; fileRef = 3084988609D34FA0008602DF /* WidgetSystem.m */; };
		3084989809D34FA0008602DF /* WidgetUtilities.cpp in Sources */ = {isa = PBXBuildFile; fileRef = 3084988709D34FA0008602DF /* WidgetUtilities.cpp */; };
		3084989909D34FA0008602DF /* WidgetView.m in Sources */ = {isa = PBXBuildFile; fileRef = 3084988A09D34FA0008602DF /* WidgetView.m */; };
		3084989A09D34FA0008602DF /* WidgetWindow.m in Sources */ = {isa = PBXBuildFile; fileRef = 3084988C09D34FA0008602DF /* WidgetWindow.m */; };
		30AA253009D3686E00F2F7E6 /* Localizable.strings in Resources */ = {isa = PBXBuildFile; fileRef = 30AA252E09D3686E00F2F7E6 /* Localizable.strings */; };
		30E7C2A40EDB33D500F31874 /* Widget.nib in Resources */ = {isa = PBXBuildFile; fileRef = 30E7C2A20EDB33D500F31874 /* Widget.nib */; };
		30ECDBF609D8988D00868770 /* AmnestyClient.icns in Resources */ = {isa = PBXBuildFile; fileRef = 30ECDBF509D8988D00868770 /* AmnestyClient.icns */; };
		8D11072A0486CEB800E47090 /* MainMenu.nib in Resources */ = {isa = PBXBuildFile; fileRef = 29B97318FDCFA39411CA2CEA /* MainMenu.nib */; };
		8D11072D0486CEB800E47090 /* main.m in Sources */ = {isa = PBXBuildFile; fileRef = 29B97316FDCFA39411CA2CEA /* main.m */; settings = {ATTRIBUTES = (); }; };
		8D11072F0486CEB800E47090 /* Cocoa.framework in Frameworks */ = {isa = PBXBuildFile; fileRef = 1058C7A1FEA54F0111CA2CBB /* Cocoa.framework */; };
/* End PBXBuildFile section */

/* Begin PBXCopyFilesBuildPhase section */
		306833681711309F00A74A47 /* CopyFiles */ = {
			isa = PBXCopyFilesBuildPhase;
			buildActionMask = 2147483647;
			dstPath = Contents;
			dstSubfolderSpec = 1;
			files = (
				3068336C171130CD00A74A47 /* Plug-Ins in CopyFiles */,
			);
			runOnlyForDeploymentPostprocessing = 0;
		};
/* End PBXCopyFilesBuildPhase section */

/* Begin PBXFileReference section */
		1058C7A1FEA54F0111CA2CBB /* Cocoa.framework */ = {isa = PBXFileReference; lastKnownFileType = wrapper.framework; name = Cocoa.framework; path = /System/Library/Frameworks/Cocoa.framework; sourceTree = "<absolute>"; };
		13E42FB307B3F0F600E4EEF1 /* CoreData.framework */ = {isa = PBXFileReference; lastKnownFileType = wrapper.framework; name = CoreData.framework; path = /System/Library/Frameworks/CoreData.framework; sourceTree = "<absolute>"; };
		29B97316FDCFA39411CA2CEA /* main.m */ = {isa = PBXFileReference; fileEncoding = 4; lastKnownFileType = sourcecode.c.objc; path = main.m; sourceTree = "<group>"; };
		29B97319FDCFA39411CA2CEA /* English */ = {isa = PBXFileReference; lastKnownFileType = wrapper.nib; name = English; path = English.lproj/MainMenu.nib; sourceTree = "<group>"; };
		29B97324FDCFA39411CA2CEA /* AppKit.framework */ = {isa = PBXFileReference; lastKnownFileType = wrapper.framework; name = AppKit.framework; path = /System/Library/Frameworks/AppKit.framework; sourceTree = "<absolute>"; };
		29B97325FDCFA39411CA2CEA /* Foundation.framework */ = {isa = PBXFileReference; lastKnownFileType = wrapper.framework; name = Foundation.framework; path = /System/Library/Frameworks/Foundation.framework; sourceTree = "<absolute>"; };
		3033B2D80AA5C7E900A66567 /* Japanese */ = {isa = PBXFileReference; lastKnownFileType = text.plist.strings; name = Japanese; path = Japanese.lproj/Localizable.strings; sourceTree = "<group>"; };
		3033B2DB0AA5C7F200A66567 /* Japanese */ = {isa = PBXFileReference; lastKnownFileType = wrapper.nib; name = Japanese; path = Japanese.lproj/MainMenu.nib; sourceTree = "<group>"; };
		3039D82D09D34D28000762C5 /* Carbon.framework */ = {isa = PBXFileReference; lastKnownFileType = wrapper.framework; name = Carbon.framework; path = /System/Library/Frameworks/Carbon.framework; sourceTree = "<absolute>"; };
		3039D8C509D34D37000762C5 /* QuartzCore.framework */ = {isa = PBXFileReference; lastKnownFileType = wrapper.framework; name = QuartzCore.framework; path = /System/Library/Frameworks/QuartzCore.framework; sourceTree = "<absolute>"; };
		3039D8E509D34D3D000762C5 /* SystemConfiguration.framework */ = {isa = PBXFileReference; lastKnownFileType = wrapper.framework; name = SystemConfiguration.framework; path = /System/Library/Frameworks/SystemConfiguration.framework; sourceTree = "<absolute>"; };
		3039D8F609D34D44000762C5 /* WebKit.framework */ = {isa = PBXFileReference; lastKnownFileType = wrapper.framework; name = WebKit.framework; path = /System/Library/Frameworks/WebKit.framework; sourceTree = "<absolute>"; };
		3054B0FB0C1F19CB00CF2BAE /* WebHTMLView+Amnesty.h */ = {isa = PBXFileReference; fileEncoding = 30; lastKnownFileType = sourcecode.c.h; path = "WebHTMLView+Amnesty.h"; sourceTree = "<group>"; };
		3054B0FC0C1F19CB00CF2BAE /* WebHTMLView+Amnesty.m */ = {isa = PBXFileReference; fileEncoding = 30; lastKnownFileType = sourcecode.c.objc; path = "WebHTMLView+Amnesty.m"; sourceTree = "<group>"; };
		3054B0FD0C1F19CB00CF2BAE /* WebHTMLView.h */ = {isa = PBXFileReference; fileEncoding = 30; lastKnownFileType = sourcecode.c.h; path = WebHTMLView.h; sourceTree = "<group>"; };
		3054B0FE0C1F19CB00CF2BAE /* WebHTMLViewInternal.h */ = {isa = PBXFileReference; fileEncoding = 30; lastKnownFileType = sourcecode.c.h; path = WebHTMLViewInternal.h; sourceTree = "<group>"; };
		3054B0FF0C1F19CB00CF2BAE /* WebHTMLViewPrivate.h */ = {isa = PBXFileReference; fileEncoding = 30; lastKnownFileType = sourcecode.c.h; path = WebHTMLViewPrivate.h; sourceTree = "<group>"; };
		3068336617112FB500A74A47 /* Transition.bundle */ = {isa = PBXFileReference; lastKnownFileType = "wrapper.plug-in"; path = Transition.bundle; sourceTree = "<group>"; };
		3068336B171130CD00A74A47 /* Plug-Ins */ = {isa = PBXFileReference; lastKnownFileType = folder; path = "Plug-Ins"; sourceTree = "<group>"; };
		3068336F171134DF00A74A47 /* InfoPlist.strings */ = {isa = PBXFileReference; fileEncoding = 4; lastKnownFileType = text.plist.strings; path = InfoPlist.strings; sourceTree = "<group>"; };
		306833751711362C00A74A47 /* CoreGraphicsServices.h */ = {isa = PBXFileReference; lastKnownFileType = sourcecode.c.h; path = CoreGraphicsServices.h; sourceTree = "<group>"; };
		3084987309D34F94008602DF /* AppController.h */ = {isa = PBXFileReference; fileEncoding = 30; lastKnownFileType = sourcecode.c.h; path = AppController.h; sourceTree = "<group>"; };
		3084987409D34F94008602DF /* AppController.m */ = {isa = PBXFileReference; fileEncoding = 30; lastKnownFileType = sourcecode.c.objc; path = AppController.m; sourceTree = "<group>"; };
		3084987709D34FA0008602DF /* CFontList.cpp */ = {isa = PBXFileReference; fileEncoding = 30; lastKnownFileType = sourcecode.cpp.cpp; name = CFontList.cpp; path = "../Amnesty Core/CFontList.cpp"; sourceTree = SOURCE_ROOT; };
		3084987809D34FA0008602DF /* CFontList.h */ = {isa = PBXFileReference; fileEncoding = 30; lastKnownFileType = sourcecode.c.h; name = CFontList.h; path = "../Amnesty Core/CFontList.h"; sourceTree = SOURCE_ROOT; };
		3084987909D34FA0008602DF /* CWidget.cpp */ = {isa = PBXFileReference; fileEncoding = 30; lastKnownFileType = sourcecode.cpp.cpp; name = CWidget.cpp; path = "../Amnesty Core/CWidget.cpp"; sourceTree = SOURCE_ROOT; };
		3084987A09D34FA0008602DF /* CWidget.h */ = {isa = PBXFileReference; fileEncoding = 30; lastKnownFileType = sourcecode.c.h; name = CWidget.h; path = "../Amnesty Core/CWidget.h"; sourceTree = SOURCE_ROOT; };
		3084987B09D34FA0008602DF /* WidgetBridge.h */ = {isa = PBXFileReference; fileEncoding = 30; lastKnownFileType = sourcecode.c.h; name = WidgetBridge.h; path = "../Amnesty Core/WidgetBridge.h"; sourceTree = SOURCE_ROOT; };
		3084987C09D34FA0008602DF /* WidgetBridge.m */ = {isa = PBXFileReference; fileEncoding = 30; lastKnownFileType = sourcecode.c.objc; name = WidgetBridge.m; path = "../Amnesty Core/WidgetBridge.m"; sourceTree = SOURCE_ROOT; };
		3084987D09D34FA0008602DF /* WidgetCalculator.h */ = {isa = PBXFileReference; fileEncoding = 30; lastKnownFileType = sourcecode.c.h; name = WidgetCalculator.h; path = "../Amnesty Core/WidgetCalculator.h"; sourceTree = SOURCE_ROOT; };
		3084987E09D34FA0008602DF /* WidgetCalculator.m */ = {isa = PBXFileReference; fileEncoding = 30; lastKnownFileType = sourcecode.c.objc; name = WidgetCalculator.m; path = "../Amnesty Core/WidgetCalculator.m"; sourceTree = SOURCE_ROOT; };
		3084987F09D34FA0008602DF /* WidgetController.h */ = {isa = PBXFileReference; fileEncoding = 30; lastKnownFileType = sourcecode.c.h; name = WidgetController.h; path = "../Amnesty Core/WidgetController.h"; sourceTree = SOURCE_ROOT; };
		3084988009D34FA0008602DF /* WidgetController.m */ = {isa = PBXFileReference; fileEncoding = 30; lastKnownFileType = sourcecode.c.objc; name = WidgetController.m; path = "../Amnesty Core/WidgetController.m"; sourceTree = SOURCE_ROOT; };
		3084988109D34FA0008602DF /* WidgetFlip.h */ = {isa = PBXFileReference; fileEncoding = 30; lastKnownFileType = sourcecode.c.h; name = WidgetFlip.h; path = "../Amnesty Core/WidgetFlip.h"; sourceTree = SOURCE_ROOT; };
		3084988209D34FA0008602DF /* WidgetFlip.m */ = {isa = PBXFileReference; fileEncoding = 30; lastKnownFileType = sourcecode.c.objc; name = WidgetFlip.m; path = "../Amnesty Core/WidgetFlip.m"; sourceTree = SOURCE_ROOT; };
		3084988309D34FA0008602DF /* WidgetMenu.h */ = {isa = PBXFileReference; fileEncoding = 30; lastKnownFileType = sourcecode.c.h; name = WidgetMenu.h; path = "../Amnesty Core/WidgetMenu.h"; sourceTree = SOURCE_ROOT; };
		3084988409D34FA0008602DF /* WidgetMenu.m */ = {isa = PBXFileReference; fileEncoding = 30; lastKnownFileType = sourcecode.c.objc; name = WidgetMenu.m; path = "../Amnesty Core/WidgetMenu.m"; sourceTree = SOURCE_ROOT; };
		3084988509D34FA0008602DF /* WidgetSystem.h */ = {isa = PBXFileReference; fileEncoding = 30; lastKnownFileType = sourcecode.c.h; name = WidgetSystem.h; path = "../Amnesty Core/WidgetSystem.h"; sourceTree = SOURCE_ROOT; };
		3084988609D34FA0008602DF /* WidgetSystem.m */ = {isa = PBXFileReference; fileEncoding = 30; lastKnownFileType = sourcecode.c.objc; name = WidgetSystem.m; path = "../Amnesty Core/WidgetSystem.m"; sourceTree = SOURCE_ROOT; };
		3084988709D34FA0008602DF /* WidgetUtilities.cpp */ = {isa = PBXFileReference; fileEncoding = 30; lastKnownFileType = sourcecode.cpp.cpp; name = WidgetUtilities.cpp; path = "../Amnesty Core/WidgetUtilities.cpp"; sourceTree = SOURCE_ROOT; };
		3084988809D34FA0008602DF /* WidgetUtilities.h */ = {isa = PBXFileReference; fileEncoding = 30; lastKnownFileType = sourcecode.c.h; name = WidgetUtilities.h; path = "../Amnesty Core/WidgetUtilities.h"; sourceTree = SOURCE_ROOT; };
		3084988909D34FA0008602DF /* WidgetView.h */ = {isa = PBXFileReference; fileEncoding = 30; lastKnownFileType = sourcecode.c.h; name = WidgetView.h; path = "../Amnesty Core/WidgetView.h"; sourceTree = SOURCE_ROOT; };
		3084988A09D34FA0008602DF /* WidgetView.m */ = {isa = PBXFileReference; fileEncoding = 30; lastKnownFileType = sourcecode.c.objc; name = WidgetView.m; path = "../Amnesty Core/WidgetView.m"; sourceTree = SOURCE_ROOT; };
		3084988B09D34FA0008602DF /* WidgetWindow.h */ = {isa = PBXFileReference; fileEncoding = 30; lastKnownFileType = sourcecode.c.h; name = WidgetWindow.h; path = "../Amnesty Core/WidgetWindow.h"; sourceTree = SOURCE_ROOT; };
		3084988C09D34FA0008602DF /* WidgetWindow.m */ = {isa = PBXFileReference; fileEncoding = 30; lastKnownFileType = sourcecode.c.objc; name = WidgetWindow.m; path = "../Amnesty Core/WidgetWindow.m"; sourceTree = SOURCE_ROOT; };
		308498C709D35018008602DF /* Transition.h */ = {isa = PBXFileReference; fileEncoding = 30; lastKnownFileType = sourcecode.c.h; path = Transition.h; sourceTree = "<group>"; };
		30AA252F09D3686E00F2F7E6 /* English */ = {isa = PBXFileReference; fileEncoding = 30; lastKnownFileType = text.plist.strings; name = English; path = English.lproj/Localizable.strings; sourceTree = "<group>"; };
		30B856AD0A6D3890005E1BEB /* zh_TW */ = {isa = PBXFileReference; lastKnownFileType = text.plist.strings; name = zh_TW; path = zh_TW.lproj/Localizable.strings; sourceTree = "<group>"; };
		30B856B00A6D389F005E1BEB /* zh_TW */ = {isa = PBXFileReference; lastKnownFileType = wrapper.nib; name = zh_TW; path = zh_TW.lproj/MainMenu.nib; sourceTree = "<group>"; };
		30BE98340A879BC100AF1C28 /* Danish */ = {isa = PBXFileReference; lastKnownFileType = text.plist.strings; name = Danish; path = Danish.lproj/Localizable.strings; sourceTree = "<group>"; };
		30BE98350A879BC500AF1C28 /* French */ = {isa = PBXFileReference; lastKnownFileType = text.plist.strings; name = French; path = French.lproj/Localizable.strings; sourceTree = "<group>"; };
		30BE983A0A879BE000AF1C28 /* Danish */ = {isa = PBXFileReference; lastKnownFileType = wrapper.nib; name = Danish; path = Danish.lproj/MainMenu.nib; sourceTree = "<group>"; };
		30BE983B0A879BE300AF1C28 /* French */ = {isa = PBXFileReference; lastKnownFileType = wrapper.nib; name = French; path = French.lproj/MainMenu.nib; sourceTree = "<group>"; };
		30E7C2A30EDB33D500F31874 /* English */ = {isa = PBXFileReference; lastKnownFileType = wrapper.nib; name = English; path = English.lproj/Widget.nib; sourceTree = "<group>"; };
		30E7C2C30EDB347900F31874 /* zh_TW */ = {isa = PBXFileReference; lastKnownFileType = wrapper.nib; name = zh_TW; path = zh_TW.lproj/Widget.nib; sourceTree = "<group>"; };
		30E7C2C40EDB348200F31874 /* Danish */ = {isa = PBXFileReference; lastKnownFileType = wrapper.nib; name = Danish; path = Danish.lproj/Widget.nib; sourceTree = "<group>"; };
		30E7C2C50EDB348700F31874 /* French */ = {isa = PBXFileReference; lastKnownFileType = wrapper.nib; name = French; path = French.lproj/Widget.nib; sourceTree = "<group>"; };
		30E7C2C70EDB349300F31874 /* Japanese */ = {isa = PBXFileReference; lastKnownFileType = wrapper.nib; name = Japanese; path = Japanese.lproj/Widget.nib; sourceTree = "<group>"; };
		30E7C2D40EDB355600F31874 /* pt */ = {isa = PBXFileReference; lastKnownFileType = text.plist.strings; name = pt; path = pt.lproj/Localizable.strings; sourceTree = "<group>"; };
		30E7C2D50EDB355E00F31874 /* pt */ = {isa = PBXFileReference; lastKnownFileType = wrapper.nib; name = pt; path = pt.lproj/Widget.nib; sourceTree = "<group>"; };
		30E7C2D70EDB356C00F31874 /* pt */ = {isa = PBXFileReference; lastKnownFileType = wrapper.nib; name = pt; path = pt.lproj/MainMenu.nib; sourceTree = "<group>"; };
		30ECDBF509D8988D00868770 /* AmnestyClient.icns */ = {isa = PBXFileReference; lastKnownFileType = image.icns; name = AmnestyClient.icns; path = "../Runtime Images/AmnestyClient.icns"; sourceTree = SOURCE_ROOT; };
		32CA4F630368D1EE00C91783 /* AmnestyClient_Prefix.pch */ = {isa = PBXFileReference; fileEncoding = 4; lastKnownFileType = sourcecode.c.h; path = AmnestyClient_Prefix.pch; sourceTree = "<group>"; };
		8D1107310486CEB800E47090 /* Info.plist */ = {isa = PBXFileReference; fileEncoding = 4; lastKnownFileType = text.plist; path = Info.plist; sourceTree = "<group>"; };
		8D1107320486CEB800E47090 /* AmnestyClient.app */ = {isa = PBXFileReference; explicitFileType = wrapper.application; includeInIndex = 0; path = AmnestyClient.app; sourceTree = BUILT_PRODUCTS_DIR; };
/* End PBXFileReference section */

/* Begin PBXFrameworksBuildPhase section */
		8D11072E0486CEB800E47090 /* Frameworks */ = {
			isa = PBXFrameworksBuildPhase;
			buildActionMask = 2147483647;
			files = (
				8D11072F0486CEB800E47090 /* Cocoa.framework in Frameworks */,
				3039D82E09D34D28000762C5 /* Carbon.framework in Frameworks */,
				3039D8C609D34D37000762C5 /* QuartzCore.framework in Frameworks */,
				3039D8E609D34D3D000762C5 /* SystemConfiguration.framework in Frameworks */,
				3039D8F709D34D44000762C5 /* WebKit.framework in Frameworks */,
			);
			runOnlyForDeploymentPostprocessing = 0;
		};
/* End PBXFrameworksBuildPhase section */

/* Begin PBXGroup section */
		080E96DDFE201D6D7F000001 /* Classes */ = {
			isa = PBXGroup;
			children = (
				3084987309D34F94008602DF /* AppController.h */,
				3084987409D34F94008602DF /* AppController.m */,
			);
			name = Classes;
			sourceTree = "<group>";
		};
		1058C7A0FEA54F0111CA2CBB /* Linked Frameworks */ = {
			isa = PBXGroup;
			children = (
				3039D82D09D34D28000762C5 /* Carbon.framework */,
				1058C7A1FEA54F0111CA2CBB /* Cocoa.framework */,
			);
			name = "Linked Frameworks";
			sourceTree = "<group>";
		};
		1058C7A2FEA54F0111CA2CBB /* Other Frameworks */ = {
			isa = PBXGroup;
			children = (
				29B97324FDCFA39411CA2CEA /* AppKit.framework */,
				13E42FB307B3F0F600E4EEF1 /* CoreData.framework */,
				29B97325FDCFA39411CA2CEA /* Foundation.framework */,
				3039D8C509D34D37000762C5 /* QuartzCore.framework */,
				3039D8E509D34D3D000762C5 /* SystemConfiguration.framework */,
				3039D8F609D34D44000762C5 /* WebKit.framework */,
			);
			name = "Other Frameworks";
			sourceTree = "<group>";
		};
		19C28FACFE9D520D11CA2CBB /* Products */ = {
			isa = PBXGroup;
			children = (
				8D1107320486CEB800E47090 /* AmnestyClient.app */,
			);
			name = Products;
			sourceTree = "<group>";
		};
		29B97314FDCFA39411CA2CEA /* AmnestyClient */ = {
			isa = PBXGroup;
			children = (
				080E96DDFE201D6D7F000001 /* Classes */,
				29B97315FDCFA39411CA2CEA /* Other Sources */,
				29B97317FDCFA39411CA2CEA /* Resources */,
				29B97323FDCFA39411CA2CEA /* Frameworks */,
				19C28FACFE9D520D11CA2CBB /* Products */,
			);
			name = AmnestyClient;
			sourceTree = "<group>";
		};
		29B97315FDCFA39411CA2CEA /* Other Sources */ = {
			isa = PBXGroup;
			children = (
				3084987609D34FA0008602DF /* Amnesty Core */,
				308498C309D35018008602DF /* Amnesty Extras */,
				3054B0FA0C1F19CB00CF2BAE /* Amnesty WebKit */,
				32CA4F630368D1EE00C91783 /* AmnestyClient_Prefix.pch */,
				29B97316FDCFA39411CA2CEA /* main.m */,
			);
			name = "Other Sources";
			sourceTree = "<group>";
		};
		29B97317FDCFA39411CA2CEA /* Resources */ = {
			isa = PBXGroup;
			children = (
				3068336B171130CD00A74A47 /* Plug-Ins */,
				30ECDBF509D8988D00868770 /* AmnestyClient.icns */,
				8D1107310486CEB800E47090 /* Info.plist */,
				3068336F171134DF00A74A47 /* InfoPlist.strings */,
				30AA252E09D3686E00F2F7E6 /* Localizable.strings */,
				30E7C2A20EDB33D500F31874 /* Widget.nib */,
				29B97318FDCFA39411CA2CEA /* MainMenu.nib */,
			);
			name = Resources;
			sourceTree = "<group>";
		};
		29B97323FDCFA39411CA2CEA /* Frameworks */ = {
			isa = PBXGroup;
			children = (
				1058C7A0FEA54F0111CA2CBB /* Linked Frameworks */,
				1058C7A2FEA54F0111CA2CBB /* Other Frameworks */,
			);
			name = Frameworks;
			sourceTree = "<group>";
		};
		3054B0FA0C1F19CB00CF2BAE /* Amnesty WebKit */ = {
			isa = PBXGroup;
			children = (
				3054B0FB0C1F19CB00CF2BAE /* WebHTMLView+Amnesty.h */,
				3054B0FC0C1F19CB00CF2BAE /* WebHTMLView+Amnesty.m */,
				3054B0FD0C1F19CB00CF2BAE /* WebHTMLView.h */,
				3054B0FE0C1F19CB00CF2BAE /* WebHTMLViewInternal.h */,
				3054B0FF0C1F19CB00CF2BAE /* WebHTMLViewPrivate.h */,
			);
			name = "Amnesty WebKit";
			path = "../Amnesty WebKit";
			sourceTree = SOURCE_ROOT;
		};
		3084987609D34FA0008602DF /* Amnesty Core */ = {
			isa = PBXGroup;
			children = (
				3084987709D34FA0008602DF /* CFontList.cpp */,
				3084987809D34FA0008602DF /* CFontList.h */,
				3084987909D34FA0008602DF /* CWidget.cpp */,
				3084987A09D34FA0008602DF /* CWidget.h */,
				3084987B09D34FA0008602DF /* WidgetBridge.h */,
				3084987C09D34FA0008602DF /* WidgetBridge.m */,
				3084987D09D34FA0008602DF /* WidgetCalculator.h */,
				3084987E09D34FA0008602DF /* WidgetCalculator.m */,
				3084987F09D34FA0008602DF /* WidgetController.h */,
				3084988009D34FA0008602DF /* WidgetController.m */,
				3084988109D34FA0008602DF /* WidgetFlip.h */,
				3084988209D34FA0008602DF /* WidgetFlip.m */,
				3084988309D34FA0008602DF /* WidgetMenu.h */,
				3084988409D34FA0008602DF /* WidgetMenu.m */,
				3084988509D34FA0008602DF /* WidgetSystem.h */,
				3084988609D34FA0008602DF /* WidgetSystem.m */,
				3084988709D34FA0008602DF /* WidgetUtilities.cpp */,
				3084988809D34FA0008602DF /* WidgetUtilities.h */,
				3084988909D34FA0008602DF /* WidgetView.h */,
				3084988A09D34FA0008602DF /* WidgetView.m */,
				3084988B09D34FA0008602DF /* WidgetWindow.h */,
				3084988C09D34FA0008602DF /* WidgetWindow.m */,
			);
			name = "Amnesty Core";
			sourceTree = "<group>";
		};
		308498C309D35018008602DF /* Amnesty Extras */ = {
			isa = PBXGroup;
			children = (
				306833751711362C00A74A47 /* CoreGraphicsServices.h */,
				308498C709D35018008602DF /* Transition.h */,
				3068336617112FB500A74A47 /* Transition.bundle */,
			);
			name = "Amnesty Extras";
			path = "../Amnesty Extras";
			sourceTree = SOURCE_ROOT;
		};
/* End PBXGroup section */

/* Begin PBXNativeTarget section */
		8D1107260486CEB800E47090 /* AmnestyClient */ = {
			isa = PBXNativeTarget;
			buildConfigurationList = C01FCF4A08A954540054247B /* Build configuration list for PBXNativeTarget "AmnestyClient" */;
			buildPhases = (
				8D1107290486CEB800E47090 /* Resources */,
				8D11072C0486CEB800E47090 /* Sources */,
				8D11072E0486CEB800E47090 /* Frameworks */,
				306833681711309F00A74A47 /* CopyFiles */,
			);
			buildRules = (
			);
			dependencies = (
			);
			name = AmnestyClient;
			productInstallPath = "$(HOME)/Applications";
			productName = AmnestyClient;
			productReference = 8D1107320486CEB800E47090 /* AmnestyClient.app */;
			productType = "com.apple.product-type.application";
		};
/* End PBXNativeTarget section */

/* Begin PBXProject section */
		29B97313FDCFA39411CA2CEA /* Project object */ = {
			isa = PBXProject;
			attributes = {
				LastUpgradeCheck = 0460;
			};
			buildConfigurationList = C01FCF4E08A954540054247B /* Build configuration list for PBXProject "AmnestyClient" */;
			compatibilityVersion = "Xcode 3.2";
			developmentRegion = English;
			hasScannedForEncodings = 1;
			knownRegions = (
				English,
				Japanese,
				French,
				German,
				zh_TW,
				Danish,
				Portuguese,
				pt,
				pr,
			);
			mainGroup = 29B97314FDCFA39411CA2CEA /* AmnestyClient */;
			projectDirPath = "";
			projectRoot = "";
			targets = (
				8D1107260486CEB800E47090 /* AmnestyClient */,
			);
		};
/* End PBXProject section */

/* Begin PBXResourcesBuildPhase section */
		8D1107290486CEB800E47090 /* Resources */ = {
			isa = PBXResourcesBuildPhase;
			buildActionMask = 2147483647;
			files = (
				8D11072A0486CEB800E47090 /* MainMenu.nib in Resources */,
				30AA253009D3686E00F2F7E6 /* Localizable.strings in Resources */,
				30ECDBF609D8988D00868770 /* AmnestyClient.icns in Resources */,
				30E7C2A40EDB33D500F31874 /* Widget.nib in Resources */,
				3068336717112FB500A74A47 /* Transition.bundle in Resources */,
				30683370171134DF00A74A47 /* InfoPlist.strings in Resources */,
			);
			runOnlyForDeploymentPostprocessing = 0;
		};
/* End PBXResourcesBuildPhase section */

/* Begin PBXSourcesBuildPhase section */
		8D11072C0486CEB800E47090 /* Sources */ = {
			isa = PBXSourcesBuildPhase;
			buildActionMask = 2147483647;
			files = (
				8D11072D0486CEB800E47090 /* main.m in Sources */,
				3084987509D34F94008602DF /* AppController.m in Sources */,
				3084989009D34FA0008602DF /* CFontList.cpp in Sources */,
				3084989109D34FA0008602DF /* CWidget.cpp in Sources */,
				3084989209D34FA0008602DF /* WidgetBridge.m in Sources */,
				3084989309D34FA0008602DF /* WidgetCalculator.m in Sources */,
				3084989409D34FA0008602DF /* WidgetController.m in Sources */,
				3084989509D34FA0008602DF /* WidgetFlip.m in Sources */,
				3084989609D34FA0008602DF /* WidgetMenu.m in Sources */,
				3084989709D34FA0008602DF /* WidgetSystem.m in Sources */,
				3084989809D34FA0008602DF /* WidgetUtilities.cpp in Sources */,
				3084989909D34FA0008602DF /* WidgetView.m in Sources */,
				3084989A09D34FA0008602DF /* WidgetWindow.m in Sources */,
				3054B1000C1F19CB00CF2BAE /* WebHTMLView+Amnesty.m in Sources */,
			);
			runOnlyForDeploymentPostprocessing = 0;
		};
/* End PBXSourcesBuildPhase section */

/* Begin PBXVariantGroup section */
		29B97318FDCFA39411CA2CEA /* MainMenu.nib */ = {
			isa = PBXVariantGroup;
			children = (
				29B97319FDCFA39411CA2CEA /* English */,
				30B856B00A6D389F005E1BEB /* zh_TW */,
				30BE983A0A879BE000AF1C28 /* Danish */,
				30BE983B0A879BE300AF1C28 /* French */,
				3033B2DB0AA5C7F200A66567 /* Japanese */,
				30E7C2D70EDB356C00F31874 /* pt */,
			);
			name = MainMenu.nib;
			sourceTree = "<group>";
		};
		30AA252E09D3686E00F2F7E6 /* Localizable.strings */ = {
			isa = PBXVariantGroup;
			children = (
				30AA252F09D3686E00F2F7E6 /* English */,
				30B856AD0A6D3890005E1BEB /* zh_TW */,
				30BE98340A879BC100AF1C28 /* Danish */,
				30BE98350A879BC500AF1C28 /* French */,
				3033B2D80AA5C7E900A66567 /* Japanese */,
				30E7C2D40EDB355600F31874 /* pt */,
			);
			name = Localizable.strings;
			sourceTree = "<group>";
		};
		30E7C2A20EDB33D500F31874 /* Widget.nib */ = {
			isa = PBXVariantGroup;
			children = (
				30E7C2A30EDB33D500F31874 /* English */,
				30E7C2C30EDB347900F31874 /* zh_TW */,
				30E7C2C40EDB348200F31874 /* Danish */,
				30E7C2C50EDB348700F31874 /* French */,
				30E7C2C70EDB349300F31874 /* Japanese */,
				30E7C2D50EDB355E00F31874 /* pt */,
			);
			name = Widget.nib;
			sourceTree = "<group>";
		};
/* End PBXVariantGroup section */

/* Begin XCBuildConfiguration section */
		C01FCF4B08A954540054247B /* Debug */ = {
			isa = XCBuildConfiguration;
			buildSettings = {
				ARCHS = "$(ARCHS_STANDARD_32_64_BIT)";
				COMBINE_HIDPI_IMAGES = YES;
				COPY_PHASE_STRIP = NO;
				FRAMEWORK_SEARCH_PATHS = (
					"$(inherited)",
					"$(FRAMEWORK_SEARCH_PATHS_QUOTED_1)",
				);
				GCC_DYNAMIC_NO_PIC = NO;
				GCC_MODEL_TUNING = G5;
				GCC_OPTIMIZATION_LEVEL = 0;
				INFOPLIST_FILE = Info.plist;
				INSTALL_PATH = "$(HOME)/Applications";
				LIBRARY_SEARCH_PATHS = (
					"$(inherited)",
					"$(LIBRARY_SEARCH_PATHS_QUOTED_1)",
				);
				MACOSX_DEPLOYMENT_TARGET = 10.4;
				PRODUCT_NAME = AmnestyClient;
				SDKROOT = "";
				WRAPPER_EXTENSION = app;
				ZERO_LINK = YES;
			};
			name = Debug;
		};
		C01FCF4C08A954540054247B /* Release */ = {
			isa = XCBuildConfiguration;
			buildSettings = {
				ARCHS = "$(ARCHS_STANDARD_32_64_BIT)";
				COMBINE_HIDPI_IMAGES = YES;
				FRAMEWORK_SEARCH_PATHS = (
					"$(inherited)",
					"$(FRAMEWORK_SEARCH_PATHS_QUOTED_1)",
				);
				GCC_GENERATE_DEBUGGING_SYMBOLS = NO;
				GCC_MODEL_TUNING = G5;
				INFOPLIST_FILE = Info.plist;
				INSTALL_PATH = "$(HOME)/Applications";
				LIBRARY_SEARCH_PATHS = (
					"$(inherited)",
					"$(LIBRARY_SEARCH_PATHS_QUOTED_1)",
				);
				MACOSX_DEPLOYMENT_TARGET = 10.4;
				PRODUCT_NAME = AmnestyClient;
				SDKROOT = "";
				WRAPPER_EXTENSION = app;
			};
			name = Release;
		};
		C01FCF4F08A954540054247B /* Debug */ = {
			isa = XCBuildConfiguration;
			buildSettings = {
				GCC_ENABLE_OBJC_EXCEPTIONS = YES;
				GCC_INPUT_FILETYPE = sourcecode.cpp.objcpp;
				GCC_PRECOMPILE_PREFIX_HEADER = YES;
				GCC_PREFIX_HEADER = AmnestyClient_Prefix.pch;
				GCC_WARN_ABOUT_RETURN_TYPE = YES;
				GCC_WARN_UNUSED_VARIABLE = YES;
				MACH_O_TYPE = mh_execute;
				MACOSX_DEPLOYMENT_TARGET = 10.3;
				OTHER_LDFLAGS = (
					"-weak_framework",
					QuartzCore,
					"-weak_framework",
					QTKit,
				);
				SDKROOT = "$(DEVELOPER_SDK_DIR)/MacOSX10.4u.sdk";
			};
			name = Debug;
		};
		C01FCF5008A954540054247B /* Release */ = {
			isa = XCBuildConfiguration;
			buildSettings = {
				ARCHS = (
					ppc,
					i386,
				);
				DEPLOYMENT_POSTPROCESSING = YES;
				GCC_ENABLE_OBJC_EXCEPTIONS = YES;
				GCC_INPUT_FILETYPE = sourcecode.cpp.objcpp;
				GCC_PRECOMPILE_PREFIX_HEADER = YES;
				GCC_PREFIX_HEADER = AmnestyClient_Prefix.pch;
				GCC_WARN_ABOUT_RETURN_TYPE = YES;
				GCC_WARN_UNUSED_VARIABLE = YES;
				MACH_O_TYPE = mh_execute;
				MACOSX_DEPLOYMENT_TARGET = 10.3;
				OTHER_LDFLAGS = (
					"-weak_framework",
					QuartzCore,
					"-weak_framework",
					QTKit,
				);
				SDKROOT = "$(DEVELOPER_SDK_DIR)/MacOSX10.4u.sdk";
			};
			name = Release;
		};
/* End XCBuildConfiguration section */

/* Begin XCConfigurationList section */
		C01FCF4A08A954540054247B /* Build configuration list for PBXNativeTarget "AmnestyClient" */ = {
			isa = XCConfigurationList;
			buildConfigurations = (
				C01FCF4B08A954540054247B /* Debug */,
				C01FCF4C08A954540054247B /* Release */,
			);
			defaultConfigurationIsVisible = 0;
			defaultConfigurationName = Release;
		};
		C01FCF4E08A954540054247B /* Build configuration list for PBXProject "AmnestyClient" */ = {
			isa = XCConfigurationList;
			buildConfigurations = (
				C01FCF4F08A954540054247B /* Debug */,
				C01FCF5008A954540054247B /* Release */,
			);
			defaultConfigurationIsVisible = 0;
			defaultConfigurationName = Release;
		};
/* End XCConfigurationList section */
	};
	rootObject = 29B97313FDCFA39411CA2CEA /* Project object */;
}
